
Microsoft Visual Studio Solution File, Format Version 12.00
# Visual Studio Version 17
VisualStudioVersion = 17.12.35527.113
MinimumVisualStudioVersion = 10.0.40219.1
Project("{FAE04EC0-301F-11D3-BF4B-00C04F79EFBC}") = "JoystickControl", "JoystickControl\JoystickControl.csproj", "{5292833E-9143-4F93-AA30-EF63E6D61928}"
EndProject
Project("{FAE04EC0-301F-11D3-BF4B-00C04F79EFBC}") = "JoystickDemo", "JoystickDemo\JoystickDemo.csproj", "{C83A30C1-7EE6-47FC-9EF0-40B4F7028017}"
EndProject
Global
	GlobalSection(SolutionConfigurationPlatforms) = preSolution
		Debug|Any CPU = Debug|Any CPU
		Release|Any CPU = Release|Any CPU
	EndGlobalSection
	GlobalSection(ProjectConfigurationPlatforms) = postSolution
		{5292833E-9143-4F93-AA30-EF63E6D61928}.Debug|Any CPU.ActiveCfg = Debug|Any CPU
		{5292833E-9143-4F93-AA30-EF63E6D61928}.Debug|Any CPU.Build.0 = Debug|Any CPU
		{5292833E-9143-4F93-AA30-EF63E6D61928}.Release|Any CPU.ActiveCfg = Release|Any CPU
		{5292833E-9143-4F93-AA30-EF63E6D61928}.Release|Any CPU.Build.0 = Release|Any CPU
		{C83A30C1-7EE6-47FC-9EF0-40B4F7028017}.Debug|Any CPU.ActiveCfg = Debug|Any CPU
		{C83A30C1-7EE6-47FC-9EF0-40B4F7028017}.Debug|Any CPU.Build.0 = Debug|Any CPU
		{C83A30C1-7EE6-47FC-9EF0-40B4F7028017}.Debug|Any CPU.Deploy.0 = Debug|Any CPU
		{C83A30C1-7EE6-47FC-9EF0-40B4F7028017}.Release|Any CPU.ActiveCfg = Release|Any CPU
		{C83A30C1-7EE6-47FC-9EF0-40B4F7028017}.Release|Any CPU.Build.0 = Release|Any CPU
		{C83A30C1-7EE6-47FC-9EF0-40B4F7028017}.Release|Any CPU.Deploy.0 = Release|Any CPU
	EndGlobalSection
	GlobalSection(SolutionProperties) = preSolution
		HideSolutionNode = FALSE
	EndGlobalSection
EndGlobal
